// !$*UTF8*$!
{
	archiveVersion = 1;
	classes = {
	};
	objectVersion = 46;
	objects = {

/* Begin PBXBuildFile section */
		288B53C81C16C2B900CD1F3E /* main.m in Sources */ = {isa = PBXBuildFile; fileRef = 288B53C71C16C2B900CD1F3E /* main.m */; };
		288B53CB1C16C2B900CD1F3E /* AppDelegate.m in Sources */ = {isa = PBXBuildFile; fileRef = 288B53CA1C16C2B900CD1F3E /* AppDelegate.m */; };
		288B53CE1C16C2B900CD1F3E /* ViewController.m in Sources */ = {isa = PBXBuildFile; fileRef = 288B53CD1C16C2B900CD1F3E /* ViewController.m */; };
		288B53D11C16C2B900CD1F3E /* Main.storyboard in Resources */ = {isa = PBXBuildFile; fileRef = 288B53CF1C16C2B900CD1F3E /* Main.storyboard */; };
		288B53D31C16C2B900CD1F3E /* Assets.xcassets in Resources */ = {isa = PBXBuildFile; fileRef = 288B53D21C16C2B900CD1F3E /* Assets.xcassets */; };
		288B53D61C16C2B900CD1F3E /* LaunchScreen.storyboard in Resources */ = {isa = PBXBuildFile; fileRef = 288B53D41C16C2B900CD1F3E /* LaunchScreen.storyboard */; };
		288B53E11C16C2BA00CD1F3E /* FZRWebViewTests.m in Sources */ = {isa = PBXBuildFile; fileRef = 288B53E01C16C2BA00CD1F3E /* FZRWebViewTests.m */; };
		288B53EC1C16C2BA00CD1F3E /* FZRWebViewUITests.m in Sources */ = {isa = PBXBuildFile; fileRef = 288B53EB1C16C2BA00CD1F3E /* FZRWebViewUITests.m */; };
		288B53FC1C16C33800CD1F3E /* FZRWebViewController.m in Sources */ = {isa = PBXBuildFile; fileRef = 288B53FB1C16C33800CD1F3E /* FZRWebViewController.m */; };
		288B53FF1C16C34600CD1F3E /* fzr_webview_back.png in Resources */ = {isa = PBXBuildFile; fileRef = 288B53FD1C16C34600CD1F3E /* fzr_webview_back.png */; };
		288B54001C16C34600CD1F3E /* fzr_webview_menu.png in Resources */ = {isa = PBXBuildFile; fileRef = 288B53FE1C16C34600CD1F3E /* fzr_webview_menu.png */; };
		288B54021C16C42500CD1F3E /* WebKit.framework in Frameworks */ = {isa = PBXBuildFile; fileRef = 288B54011C16C42500CD1F3E /* WebKit.framework */; };
/* End PBXBuildFile section */

/* Begin PBXContainerItemProxy section */
		288B53DD1C16C2BA00CD1F3E /* PBXContainerItemProxy */ = {
			isa = PBXContainerItemProxy;
			containerPortal = 288B53BB1C16C2B900CD1F3E /* Project object */;
			proxyType = 1;
			remoteGlobalIDString = 288B53C21C16C2B900CD1F3E;
			remoteInfo = FZRWebView;
		};
		288B53E81C16C2BA00CD1F3E /* PBXContainerItemProxy */ = {
			isa = PBXContainerItemProxy;
			containerPortal = 288B53BB1C16C2B900CD1F3E /* Project object */;
			proxyType = 1;
			remoteGlobalIDString = 288B53C21C16C2B900CD1F3E;
			remoteInfo = FZRWebView;
		};
/* End PBXContainerItemProxy section */

/* Begin PBXFileReference section */
		288B53C31C16C2B900CD1F3E /* FZRWebView.app */ = {isa = PBXFileReference; explicitFileType = wrapper.application; includeInIndex = 0; path = FZRWebView.app; sourceTree = BUILT_PRODUCTS_DIR; };
		288B53C71C16C2B900CD1F3E /* main.m */ = {isa = PBXFileReference; lastKnownFileType = sourcecode.c.objc; path = main.m; sourceTree = "<group>"; };
		288B53C91C16C2B900CD1F3E /* AppDelegate.h */ = {isa = PBXFileReference; lastKnownFileType = sourcecode.c.h; path = AppDelegate.h; sourceTree = "<group>"; };
		288B53CA1C16C2B900CD1F3E /* AppDelegate.m */ = {isa = PBXFileReference; lastKnownFileType = sourcecode.c.objc; path = AppDelegate.m; sourceTree = "<group>"; };
		288B53CC1C16C2B900CD1F3E /* ViewController.h */ = {isa = PBXFileReference; lastKnownFileType = sourcecode.c.h; path = ViewController.h; sourceTree = "<group>"; };
		288B53CD1C16C2B900CD1F3E /* ViewController.m */ = {isa = PBXFileReference; lastKnownFileType = sourcecode.c.objc; path = ViewController.m; sourceTree = "<group>"; };
		288B53D01C16C2B900CD1F3E /* Base */ = {isa = PBXFileReference; lastKnownFileType = file.storyboard; name = Base; path = Base.lproj/Main.storyboard; sourceTree = "<group>"; };
		288B53D21C16C2B900CD1F3E /* Assets.xcassets */ = {isa = PBXFileReference; lastKnownFileType = folder.assetcatalog; path = Assets.xcassets; sourceTree = "<group>"; };
		288B53D51C16C2B900CD1F3E /* Base */ = {isa = PBXFileReference; lastKnownFileType = file.storyboard; name = Base; path = Base.lproj/LaunchScreen.storyboard; sourceTree = "<group>"; };
		288B53D71C16C2B900CD1F3E /* Info.plist */ = {isa = PBXFileReference; lastKnownFileType = text.plist.xml; path = Info.plist; sourceTree = "<group>"; };
		288B53DC1C16C2BA00CD1F3E /* FZRWebViewTests.xctest */ = {isa = PBXFileReference; explicitFileType = wrapper.cfbundle; includeInIndex = 0; path = FZRWebViewTests.xctest; sourceTree = BUILT_PRODUCTS_DIR; };
		288B53E01C16C2BA00CD1F3E /* FZRWebViewTests.m */ = {isa = PBXFileReference; lastKnownFileType = sourcecode.c.objc; path = FZRWebViewTests.m; sourceTree = "<group>"; };
		288B53E21C16C2BA00CD1F3E /* Info.plist */ = {isa = PBXFileReference; lastKnownFileType = text.plist.xml; path = Info.plist; sourceTree = "<group>"; };
		288B53E71C16C2BA00CD1F3E /* FZRWebViewUITests.xctest */ = {isa = PBXFileReference; explicitFileType = wrapper.cfbundle; includeInIndex = 0; path = FZRWebViewUITests.xctest; sourceTree = BUILT_PRODUCTS_DIR; };
		288B53EB1C16C2BA00CD1F3E /* FZRWebViewUITests.m */ = {isa = PBXFileReference; lastKnownFileType = sourcecode.c.objc; path = FZRWebViewUITests.m; sourceTree = "<group>"; };
		288B53ED1C16C2BA00CD1F3E /* Info.plist */ = {isa = PBXFileReference; lastKnownFileType = text.plist.xml; path = Info.plist; sourceTree = "<group>"; };
		288B53FA1C16C33800CD1F3E /* FZRWebViewController.h */ = {isa = PBXFileReference; fileEncoding = 4; lastKnownFileType = sourcecode.c.h; path = FZRWebViewController.h; sourceTree = "<group>"; };
		288B53FB1C16C33800CD1F3E /* FZRWebViewController.m */ = {isa = PBXFileReference; fileEncoding = 4; lastKnownFileType = sourcecode.c.objc; path = FZRWebViewController.m; sourceTree = "<group>"; };
		288B53FD1C16C34600CD1F3E /* fzr_webview_back.png */ = {isa = PBXFileReference; lastKnownFileType = image.png; path = fzr_webview_back.png; sourceTree = "<group>"; };
		288B53FE1C16C34600CD1F3E /* fzr_webview_menu.png */ = {isa = PBXFileReference; lastKnownFileType = image.png; path = fzr_webview_menu.png; sourceTree = "<group>"; };
		288B54011C16C42500CD1F3E /* WebKit.framework */ = {isa = PBXFileReference; lastKnownFileType = wrapper.framework; name = WebKit.framework; path = System/Library/Frameworks/WebKit.framework; sourceTree = SDKROOT; };
/* End PBXFileReference section */

/* Begin PBXFrameworksBuildPhase section */
		288B53C01C16C2B900CD1F3E /* Frameworks */ = {
			isa = PBXFrameworksBuildPhase;
			buildActionMask = 2147483647;
			files = (
				288B54021C16C42500CD1F3E /* WebKit.framework in Frameworks */,
			);
			runOnlyForDeploymentPostprocessing = 0;
		};
		288B53D91C16C2BA00CD1F3E /* Frameworks */ = {
			isa = PBXFrameworksBuildPhase;
			buildActionMask = 2147483647;
			files = (
			);
			runOnlyForDeploymentPostprocessing = 0;
		};
		288B53E41C16C2BA00CD1F3E /* Frameworks */ = {
			isa = PBXFrameworksBuildPhase;
			buildActionMask = 2147483647;
			files = (
			);
			runOnlyForDeploymentPostprocessing = 0;
		};
/* End PBXFrameworksBuildPhase section */

/* Begin PBXGroup section */
		288B53BA1C16C2B900CD1F3E = {
			isa = PBXGroup;
			children = (
				288B54011C16C42500CD1F3E /* WebKit.framework */,
				288B53C51C16C2B900CD1F3E /* FZRWebView */,
				288B53DF1C16C2BA00CD1F3E /* FZRWebViewTests */,
				288B53EA1C16C2BA00CD1F3E /* FZRWebViewUITests */,
				288B53C41C16C2B900CD1F3E /* Products */,
			);
			sourceTree = "<group>";
		};
		288B53C41C16C2B900CD1F3E /* Products */ = {
			isa = PBXGroup;
			children = (
				288B53C31C16C2B900CD1F3E /* FZRWebView.app */,
				288B53DC1C16C2BA00CD1F3E /* FZRWebViewTests.xctest */,
				288B53E71C16C2BA00CD1F3E /* FZRWebViewUITests.xctest */,
			);
			name = Products;
			sourceTree = "<group>";
		};
		288B53C51C16C2B900CD1F3E /* FZRWebView */ = {
			isa = PBXGroup;
			children = (
				288B53F91C16C30500CD1F3E /* FZRWebView */,
				288B53C91C16C2B900CD1F3E /* AppDelegate.h */,
				288B53CA1C16C2B900CD1F3E /* AppDelegate.m */,
				288B53CC1C16C2B900CD1F3E /* ViewController.h */,
				288B53CD1C16C2B900CD1F3E /* ViewController.m */,
				288B53CF1C16C2B900CD1F3E /* Main.storyboard */,
				288B53D21C16C2B900CD1F3E /* Assets.xcassets */,
				288B53D41C16C2B900CD1F3E /* LaunchScreen.storyboard */,
				288B53D71C16C2B900CD1F3E /* Info.plist */,
				288B53C61C16C2B900CD1F3E /* Supporting Files */,
			);
			path = FZRWebView;
			sourceTree = "<group>";
		};
		288B53C61C16C2B900CD1F3E /* Supporting Files */ = {
			isa = PBXGroup;
			children = (
				288B53C71C16C2B900CD1F3E /* main.m */,
			);
			name = "Supporting Files";
			sourceTree = "<group>";
		};
		288B53DF1C16C2BA00CD1F3E /* FZRWebViewTests */ = {
			isa = PBXGroup;
			children = (
				288B53E01C16C2BA00CD1F3E /* FZRWebViewTests.m */,
				288B53E21C16C2BA00CD1F3E /* Info.plist */,
			);
			path = FZRWebViewTests;
			sourceTree = "<group>";
		};
		288B53EA1C16C2BA00CD1F3E /* FZRWebViewUITests */ = {
			isa = PBXGroup;
			children = (
				288B53EB1C16C2BA00CD1F3E /* FZRWebViewUITests.m */,
				288B53ED1C16C2BA00CD1F3E /* Info.plist */,
			);
			path = FZRWebViewUITests;
			sourceTree = "<group>";
		};
		288B53F91C16C30500CD1F3E /* FZRWebView */ = {
			isa = PBXGroup;
			children = (
				288B53FD1C16C34600CD1F3E /* fzr_webview_back.png */,
				288B53FE1C16C34600CD1F3E /* fzr_webview_menu.png */,
				288B53FA1C16C33800CD1F3E /* FZRWebViewController.h */,
				288B53FB1C16C33800CD1F3E /* FZRWebViewController.m */,
			);
			path = FZRWebView;
			sourceTree = "<group>";
		};
/* End PBXGroup section */

/* Begin PBXNativeTarget section */
		288B53C21C16C2B900CD1F3E /* FZRWebView */ = {
			isa = PBXNativeTarget;
			buildConfigurationList = 288B53F01C16C2BA00CD1F3E /* Build configuration list for PBXNativeTarget "FZRWebView" */;
			buildPhases = (
				288B53BF1C16C2B900CD1F3E /* Sources */,
				288B53C01C16C2B900CD1F3E /* Frameworks */,
				288B53C11C16C2B900CD1F3E /* Resources */,
			);
			buildRules = (
			);
			dependencies = (
			);
			name = FZRWebView;
			productName = FZRWebView;
			productReference = 288B53C31C16C2B900CD1F3E /* FZRWebView.app */;
			productType = "com.apple.product-type.application";
		};
		288B53DB1C16C2BA00CD1F3E /* FZRWebViewTests */ = {
			isa = PBXNativeTarget;
			buildConfigurationList = 288B53F31C16C2BA00CD1F3E /* Build configuration list for PBXNativeTarget "FZRWebViewTests" */;
			buildPhases = (
				288B53D81C16C2BA00CD1F3E /* Sources */,
				288B53D91C16C2BA00CD1F3E /* Frameworks */,
				288B53DA1C16C2BA00CD1F3E /* Resources */,
			);
			buildRules = (
			);
			dependencies = (
				288B53DE1C16C2BA00CD1F3E /* PBXTargetDependency */,
			);
			name = FZRWebViewTests;
			productName = FZRWebViewTests;
			productReference = 288B53DC1C16C2BA00CD1F3E /* FZRWebViewTests.xctest */;
			productType = "com.apple.product-type.bundle.unit-test";
		};
		288B53E61C16C2BA00CD1F3E /* FZRWebViewUITests */ = {
			isa = PBXNativeTarget;
			buildConfigurationList = 288B53F61C16C2BA00CD1F3E /* Build configuration list for PBXNativeTarget "FZRWebViewUITests" */;
			buildPhases = (
				288B53E31C16C2BA00CD1F3E /* Sources */,
				288B53E41C16C2BA00CD1F3E /* Frameworks */,
				288B53E51C16C2BA00CD1F3E /* Resources */,
			);
			buildRules = (
			);
			dependencies = (
				288B53E91C16C2BA00CD1F3E /* PBXTargetDependency */,
			);
			name = FZRWebViewUITests;
			productName = FZRWebViewUITests;
			productReference = 288B53E71C16C2BA00CD1F3E /* FZRWebViewUITests.xctest */;
			productType = "com.apple.product-type.bundle.ui-testing";
		};
/* End PBXNativeTarget section */

/* Begin PBXProject section */
		288B53BB1C16C2B900CD1F3E /* Project object */ = {
			isa = PBXProject;
			attributes = {
				LastUpgradeCheck = 0710;
				ORGANIZATIONNAME = "IOS-开发机";
				TargetAttributes = {
					288B53C21C16C2B900CD1F3E = {
						CreatedOnToolsVersion = 7.1.1;
					};
					288B53DB1C16C2BA00CD1F3E = {
						CreatedOnToolsVersion = 7.1.1;
						TestTargetID = 288B53C21C16C2B900CD1F3E;
					};
					288B53E61C16C2BA00CD1F3E = {
						CreatedOnToolsVersion = 7.1.1;
						TestTargetID = 288B53C21C16C2B900CD1F3E;
					};
				};
			};
			buildConfigurationList = 288B53BE1C16C2B900CD1F3E /* Build configuration list for PBXProject "FZRWebView" */;
			compatibilityVersion = "Xcode 3.2";
			developmentRegion = English;
			hasScannedForEncodings = 0;
			knownRegions = (
				en,
				Base,
			);
			mainGroup = 288B53BA1C16C2B900CD1F3E;
			productRefGroup = 288B53C41C16C2B900CD1F3E /* Products */;
			projectDirPath = "";
			projectRoot = "";
			targets = (
				288B53C21C16C2B900CD1F3E /* FZRWebView */,
				288B53DB1C16C2BA00CD1F3E /* FZRWebViewTests */,
				288B53E61C16C2BA00CD1F3E /* FZRWebViewUITests */,
			);
		};
/* End PBXProject section */

/* Begin PBXResourcesBuildPhase section */
		288B53C11C16C2B900CD1F3E /* Resources */ = {
			isa = PBXResourcesBuildPhase;
			buildActionMask = 2147483647;
			files = (
				288B53FF1C16C34600CD1F3E /* fzr_webview_back.png in Resources */,
				288B53D61C16C2B900CD1F3E /* LaunchScreen.storyboard in Resources */,
				288B53D31C16C2B900CD1F3E /* Assets.xcassets in Resources */,
				288B53D11C16C2B900CD1F3E /* Main.storyboard in Resources */,
				288B54001C16C34600CD1F3E /* fzr_webview_menu.png in Resources */,
			);
			runOnlyForDeploymentPostprocessing = 0;
		};
		288B53DA1C16C2BA00CD1F3E /* Resources */ = {
			isa = PBXResourcesBuildPhase;
			buildActionMask = 2147483647;
			files = (
			);
			runOnlyForDeploymentPostprocessing = 0;
		};
		288B53E51C16C2BA00CD1F3E /* Resources */ = {
			isa = PBXResourcesBuildPhase;
			buildActionMask = 2147483647;
			files = (
			);
			runOnlyForDeploymentPostprocessing = 0;
		};
/* End PBXResourcesBuildPhase section */

/* Begin PBXSourcesBuildPhase section */
		288B53BF1C16C2B900CD1F3E /* Sources */ = {
			isa = PBXSourcesBuildPhase;
			buildActionMask = 2147483647;
			files = (
				288B53FC1C16C33800CD1F3E /* FZRWebViewController.m in Sources */,
				288B53CE1C16C2B900CD1F3E /* ViewController.m in Sources */,
				288B53CB1C16C2B900CD1F3E /* AppDelegate.m in Sources */,
				288B53C81C16C2B900CD1F3E /* main.m in Sources */,
			);
			runOnlyForDeploymentPostprocessing = 0;
		};
		288B53D81C16C2BA00CD1F3E /* Sources */ = {
			isa = PBXSourcesBuildPhase;
			buildActionMask = 2147483647;
			files = (
				288B53E11C16C2BA00CD1F3E /* FZRWebViewTests.m in Sources */,
			);
			runOnlyForDeploymentPostprocessing = 0;
		};
		288B53E31C16C2BA00CD1F3E /* Sources */ = {
			isa = PBXSourcesBuildPhase;
			buildActionMask = 2147483647;
			files = (
				288B53EC1C16C2BA00CD1F3E /* FZRWebViewUITests.m in Sources */,
			);
			runOnlyForDeploymentPostprocessing = 0;
		};
/* End PBXSourcesBuildPhase section */

/* Begin PBXTargetDependency section */
		288B53DE1C16C2BA00CD1F3E /* PBXTargetDependency */ = {
			isa = PBXTargetDependency;
			target = 288B53C21C16C2B900CD1F3E /* FZRWebView */;
			targetProxy = 288B53DD1C16C2BA00CD1F3E /* PBXContainerItemProxy */;
		};
		288B53E91C16C2BA00CD1F3E /* PBXTargetDependency */ = {
			isa = PBXTargetDependency;
			target = 288B53C21C16C2B900CD1F3E /* FZRWebView */;
			targetProxy = 288B53E81C16C2BA00CD1F3E /* PBXContainerItemProxy */;
		};
/* End PBXTargetDependency section */

/* Begin PBXVariantGroup section */
		288B53CF1C16C2B900CD1F3E /* Main.storyboard */ = {
			isa = PBXVariantGroup;
			children = (
				288B53D01C16C2B900CD1F3E /* Base */,
			);
			name = Main.storyboard;
			sourceTree = "<group>";
		};
		288B53D41C16C2B900CD1F3E /* LaunchScreen.storyboard */ = {
			isa = PBXVariantGroup;
			children = (
				288B53D51C16C2B900CD1F3E /* Base */,
			);
			name = LaunchScreen.storyboard;
			sourceTree = "<group>";
		};
/* End PBXVariantGroup section */

/* Begin XCBuildConfiguration section */
		288B53EE1C16C2BA00CD1F3E /* Debug */ = {
			isa = XCBuildConfiguration;
			buildSettings = {
				ALWAYS_SEARCH_USER_PATHS = NO;
				CLANG_CXX_LANGUAGE_STANDARD = "gnu++0x";
				CLANG_CXX_LIBRARY = "libc++";
				CLANG_ENABLE_MODULES = YES;
				CLANG_ENABLE_OBJC_ARC = YES;
				CLANG_WARN_BOOL_CONVERSION = YES;
				CLANG_WARN_CONSTANT_CONVERSION = YES;
				CLANG_WARN_DIRECT_OBJC_ISA_USAGE = YES_ERROR;
				CLANG_WARN_EMPTY_BODY = YES;
				CLANG_WARN_ENUM_CONVERSION = YES;
				CLANG_WARN_INT_CONVERSION = YES;
				CLANG_WARN_OBJC_ROOT_CLASS = YES_ERROR;
				CLANG_WARN_UNREACHABLE_CODE = YES;
				CLANG_WARN__DUPLICATE_METHOD_MATCH = YES;
				"CODE_SIGN_IDENTITY[sdk=iphoneos*]" = "iPhone Developer";
				COPY_PHASE_STRIP = NO;
				DEBUG_INFORMATION_FORMAT = dwarf;
				ENABLE_STRICT_OBJC_MSGSEND = YES;
				ENABLE_TESTABILITY = YES;
				GCC_C_LANGUAGE_STANDARD = gnu99;
				GCC_DYNAMIC_NO_PIC = NO;
				GCC_NO_COMMON_BLOCKS = YES;
				GCC_OPTIMIZATION_LEVEL = 0;
				GCC_PREPROCESSOR_DEFINITIONS = (
					"DEBUG=1",
					"$(inherited)",
				);
				GCC_WARN_64_TO_32_BIT_CONVERSION = YES;
				GCC_WARN_ABOUT_RETURN_TYPE = YES_ERROR;
				GCC_WARN_UNDECLARED_SELECTOR = YES;
				GCC_WARN_UNINITIALIZED_AUTOS = YES_AGGRESSIVE;
				GCC_WARN_UNUSED_FUNCTION = YES;
				GCC_WARN_UNUSED_VARIABLE = YES;
				IPHONEOS_DEPLOYMENT_TARGET = 7.0;
				MTL_ENABLE_DEBUG_INFO = YES;
				ONLY_ACTIVE_ARCH = YES;
				SDKROOT = iphoneos;
				TARGETED_DEVICE_FAMILY = "1,2";
			};
			name = Debug;
		};
		288B53EF1C16C2BA00CD1F3E /* Release */ = {
			isa = XCBuildConfiguration;
			buildSettings = {
				ALWAYS_SEARCH_USER_PATHS = NO;
				CLANG_CXX_LANGUAGE_STANDARD = "gnu++0x";
				CLANG_CXX_LIBRARY = "libc++";
				CLANG_ENABLE_MODULES = YES;
				CLANG_ENABLE_OBJC_ARC = YES;
				CLANG_WARN_BOOL_CONVERSION = YES;
				CLANG_WARN_CONSTANT_CONVERSION = YES;
				CLANG_WARN_DIRECT_OBJC_ISA_USAGE = YES_ERROR;
				CLANG_WARN_EMPTY_BODY = YES;
				CLANG_WARN_ENUM_CONVERSION = YES;
				CLANG_WARN_INT_CONVERSION = YES;
				CLANG_WARN_OBJC_ROOT_CLASS = YES_ERROR;
				CLANG_WARN_UNREACHABLE_CODE = YES;
				CLANG_WARN__DUPLICATE_METHOD_MATCH = YES;
				"CODE_SIGN_IDENTITY[sdk=iphoneos*]" = "iPhone Developer";
				COPY_PHASE_STRIP = NO;
				DEBUG_INFORMATION_FORMAT = "dwarf-with-dsym";
				ENABLE_NS_ASSERTIONS = NO;
				ENABLE_STRICT_OBJC_MSGSEND = YES;
				GCC_C_LANGUAGE_STANDARD = gnu99;
				GCC_NO_COMMON_BLOCKS = YES;
				GCC_WARN_64_TO_32_BIT_CONVERSION = YES;
				GCC_WARN_ABOUT_RETURN_TYPE = YES_ERROR;
				GCC_WARN_UNDECLARED_SELECTOR = YES;
				GCC_WARN_UNINITIALIZED_AUTOS = YES_AGGRESSIVE;
				GCC_WARN_UNUSED_FUNCTION = YES;
				GCC_WARN_UNUSED_VARIABLE = YES;
				IPHONEOS_DEPLOYMENT_TARGET = 7.0;
				MTL_ENABLE_DEBUG_INFO = NO;
				SDKROOT = iphoneos;
				TARGETED_DEVICE_FAMILY = "1,2";
				VALIDATE_PRODUCT = YES;
			};
			name = Release;
		};
		288B53F11C16C2BA00CD1F3E /* Debug */ = {
			isa = XCBuildConfiguration;
			buildSettings = {
				ASSETCATALOG_COMPILER_APPICON_NAME = AppIcon;
				INFOPLIST_FILE = FZRWebView/Info.plist;
				LD_RUNPATH_SEARCH_PATHS = "$(inherited) @executable_path/Frameworks";
				PRODUCT_BUNDLE_IDENTIFIER = com.huodull.FZRWebView;
				PRODUCT_NAME = "$(TARGET_NAME)";
			};
			name = Debug;
		};
		288B53F21C16C2BA00CD1F3E /* Release */ = {
			isa = XCBuildConfiguration;
			buildSettings = {
				ASSETCATALOG_COMPILER_APPICON_NAME = AppIcon;
				INFOPLIST_FILE = FZRWebView/Info.plist;
				LD_RUNPATH_SEARCH_PATHS = "$(inherited) @executable_path/Frameworks";
				PRODUCT_BUNDLE_IDENTIFIER = com.huodull.FZRWebView;
				PRODUCT_NAME = "$(TARGET_NAME)";
			};
			name = Release;
		};
		288B53F41C16C2BA00CD1F3E /* Debug */ = {
			isa = XCBuildConfiguration;
			buildSettings = {
				BUNDLE_LOADER = "$(TEST_HOST)";
				INFOPLIST_FILE = FZRWebViewTests/Info.plist;
				LD_RUNPATH_SEARCH_PATHS = "$(inherited) @executable_path/Frameworks @loader_path/Frameworks";
				PRODUCT_BUNDLE_IDENTIFIER = com.huodull.FZRWebViewTests;
				PRODUCT_NAME = "$(TARGET_NAME)";
				TEST_HOST = "$(BUILT_PRODUCTS_DIR)/FZRWebView.app/FZRWebView";
			};
			name = Debug;
		};
		288B53F51C16C2BA00CD1F3E /* Release */ = {
			isa = XCBuildConfiguration;
			buildSettings = {
				BUNDLE_LOADER = "$(TEST_HOST)";
				INFOPLIST_FILE = FZRWebViewTests/Info.plist;
				LD_RUNPATH_SEARCH_PATHS = "$(inherited) @executable_path/Frameworks @loader_path/Frameworks";
				PRODUCT_BUNDLE_IDENTIFIER = com.huodull.FZRWebViewTests;
				PRODUCT_NAME = "$(TARGET_NAME)";
				TEST_HOST = "$(BUILT_PRODUCTS_DIR)/FZRWebView.app/FZRWebView";
			};
			name = Release;
		};
		288B53F71C16C2BA00CD1F3E /* Debug */ = {
			isa = XCBuildConfiguration;
			buildSettings = {
				INFOPLIST_FILE = FZRWebViewUITests/Info.plist;
				LD_RUNPATH_SEARCH_PATHS = "$(inherited) @executable_path/Frameworks @loader_path/Frameworks";
				PRODUCT_BUNDLE_IDENTIFIER = com.huodull.FZRWebViewUITests;
				PRODUCT_NAME = "$(TARGET_NAME)";
				TEST_TARGET_NAME = FZRWebView;
				USES_XCTRUNNER = YES;
			};
			name = Debug;
		};
		288B53F81C16C2BA00CD1F3E /* Release */ = {
			isa = XCBuildConfiguration;
			buildSettings = {
				INFOPLIST_FILE = FZRWebViewUITests/Info.plist;
				LD_RUNPATH_SEARCH_PATHS = "$(inherited) @executable_path/Frameworks @loader_path/Frameworks";
				PRODUCT_BUNDLE_IDENTIFIER = com.huodull.FZRWebViewUITests;
				PRODUCT_NAME = "$(TARGET_NAME)";
				TEST_TARGET_NAME = FZRWebView;
				USES_XCTRUNNER = YES;
			};
			name = Release;
		};
/* End XCBuildConfiguration section */

/* Begin XCConfigurationList section */
		288B53BE1C16C2B900CD1F3E /* Build configuration list for PBXProject "FZRWebView" */ = {
			isa = XCConfigurationList;
			buildConfigurations = (
				288B53EE1C16C2BA00CD1F3E /* Debug */,
				288B53EF1C16C2BA00CD1F3E /* Release */,
			);
			defaultConfigurationIsVisible = 0;
			defaultConfigurationName = Release;
		};
		288B53F01C16C2BA00CD1F3E /* Build configuration list for PBXNativeTarget "FZRWebView" */ = {
			isa = XCConfigurationList;
			buildConfigurations = (
				288B53F11C16C2BA00CD1F3E /* Debug */,
				288B53F21C16C2BA00CD1F3E /* Release */,
			);
			defaultConfigurationIsVisible = 0;
		};
		288B53F31C16C2BA00CD1F3E /* Build configuration list for PBXNativeTarget "FZRWebViewTests" */ = {
			isa = XCConfigurationList;
			buildConfigurations = (
				288B53F41C16C2BA00CD1F3E /* Debug */,
				288B53F51C16C2BA00CD1F3E /* Release */,
			);
			defaultConfigurationIsVisible = 0;
		};
		288B53F61C16C2BA00CD1F3E /* Build configuration list for PBXNativeTarget "FZRWebViewUITests" */ = {
			isa = XCConfigurationList;
			buildConfigurations = (
				288B53F71C16C2BA00CD1F3E /* Debug */,
				288B53F81C16C2BA00CD1F3E /* Release */,
			);
			defaultConfigurationIsVisible = 0;
		};
/* End XCConfigurationList section */
	};
	rootObject = 288B53BB1C16C2B900CD1F3E /* Project object */;
}
